
Microsoft Visual Studio Solution File, Format Version 12.00
# Visual Studio Version 17
VisualStudioVersion = 17.9.34622.214
MinimumVisualStudioVersion = 10.0.40219.1
Project("{FAE04EC0-301F-11D3-BF4B-00C04F79EFBC}") = "CSharp.OptimizationExercices", "CSharp.OptimizationExercices\CSharp.OptimizationExercices.csproj", "{D72B092B-3DAB-4A5D-A3F2-E042F5CB7248}"
EndProject
Project("{9A19103F-16F7-4668-BE54-9A1E7A4F7556}") = "WpfHelloApp", "WpfHelloApp\WpfHelloApp.csproj", "{4F3F321F-EF75-46E8-A49D-153E4EEBEB51}"
EndProject
Project("{FAE04EC0-301F-11D3-BF4B-00C04F79EFBC}") = "DistantWebApplication", "DistantWebApplication\DistantWebApplication.csproj", "{E13136E8-8720-430A-A1E6-ECB9190FE99B}"
EndProject
Project("{FAE04EC0-301F-11D3-BF4B-00C04F79EFBC}") = "ConsoleApp1", "ConsoleApp1\ConsoleApp1.csproj", "{07BAAAC6-599C-4D04-AEB7-F40C8D73950A}"
EndProject
Global
	GlobalSection(SolutionConfigurationPlatforms) = preSolution
		Debug|Any CPU = Debug|Any CPU
		Release|Any CPU = Release|Any CPU
	EndGlobalSection
	GlobalSection(ProjectConfigurationPlatforms) = postSolution
		{D72B092B-3DAB-4A5D-A3F2-E042F5CB7248}.Debug|Any CPU.ActiveCfg = Debug|Any CPU
		{D72B092B-3DAB-4A5D-A3F2-E042F5CB7248}.Debug|Any CPU.Build.0 = Debug|Any CPU
		{D72B092B-3DAB-4A5D-A3F2-E042F5CB7248}.Release|Any CPU.ActiveCfg = Release|Any CPU
		{D72B092B-3DAB-4A5D-A3F2-E042F5CB7248}.Release|Any CPU.Build.0 = Release|Any CPU
		{4F3F321F-EF75-46E8-A49D-153E4EEBEB51}.Debug|Any CPU.ActiveCfg = Debug|Any CPU
		{4F3F321F-EF75-46E8-A49D-153E4EEBEB51}.Debug|Any CPU.Build.0 = Debug|Any CPU
		{4F3F321F-EF75-46E8-A49D-153E4EEBEB51}.Release|Any CPU.ActiveCfg = Release|Any CPU
		{4F3F321F-EF75-46E8-A49D-153E4EEBEB51}.Release|Any CPU.Build.0 = Release|Any CPU
		{E13136E8-8720-430A-A1E6-ECB9190FE99B}.Debug|Any CPU.ActiveCfg = Debug|Any CPU
		{E13136E8-8720-430A-A1E6-ECB9190FE99B}.Debug|Any CPU.Build.0 = Debug|Any CPU
		{E13136E8-8720-430A-A1E6-ECB9190FE99B}.Release|Any CPU.ActiveCfg = Release|Any CPU
		{E13136E8-8720-430A-A1E6-ECB9190FE99B}.Release|Any CPU.Build.0 = Release|Any CPU
		{07BAAAC6-599C-4D04-AEB7-F40C8D73950A}.Debug|Any CPU.ActiveCfg = Debug|Any CPU
		{07BAAAC6-599C-4D04-AEB7-F40C8D73950A}.Debug|Any CPU.Build.0 = Debug|Any CPU
		{07BAAAC6-599C-4D04-AEB7-F40C8D73950A}.Release|Any CPU.ActiveCfg = Release|Any CPU
		{07BAAAC6-599C-4D04-AEB7-F40C8D73950A}.Release|Any CPU.Build.0 = Release|Any CPU
	EndGlobalSection
	GlobalSection(SolutionProperties) = preSolution
		HideSolutionNode = FALSE
	EndGlobalSection
	GlobalSection(ExtensibilityGlobals) = postSolution
		SolutionGuid = {E4D5653C-66EA-46D4-9744-D42C14DADD72}
	EndGlobalSection
EndGlobal
